// !$*UTF8*$!
{
	archiveVersion = 1;
	classes = {
	};
	objectVersion = 56;
	objects = {

/* Begin PBXBuildFile section */
		262965862B7290F700BD1F66 /* LoadingAnimation.swift in Sources */ = {isa = PBXBuildFile; fileRef = 262965852B7290F700BD1F66 /* LoadingAnimation.swift */; };
		26FC42752B1F331E008FA8BD /* OpenAIApp.swift in Sources */ = {isa = PBXBuildFile; fileRef = 26FC42742B1F331E008FA8BD /* OpenAIApp.swift */; };
		26FC42772B1F331E008FA8BD /* ContentView.swift in Sources */ = {isa = PBXBuildFile; fileRef = 26FC42762B1F331E008FA8BD /* ContentView.swift */; };
		26FC42792B1F331F008FA8BD /* Assets.xcassets in Resources */ = {isa = PBXBuildFile; fileRef = 26FC42782B1F331F008FA8BD /* Assets.xcassets */; };
		26FC427C2B1F331F008FA8BD /* Preview Assets.xcassets in Resources */ = {isa = PBXBuildFile; fileRef = 26FC427B2B1F331F008FA8BD /* Preview Assets.xcassets */; };
		26FC42882B1F3398008FA8BD /* OpenAIViewModel.swift in Sources */ = {isa = PBXBuildFile; fileRef = 26FC42872B1F3398008FA8BD /* OpenAIViewModel.swift */; };
		26FC428C2B1F33FA008FA8BD /* AiResponse.swift in Sources */ = {isa = PBXBuildFile; fileRef = 26FC428B2B1F33FA008FA8BD /* AiResponse.swift */; };
		26FC42902B1F35AA008FA8BD /* RequestDataModel.swift in Sources */ = {isa = PBXBuildFile; fileRef = 26FC428F2B1F35AA008FA8BD /* RequestDataModel.swift */; };
		26FC42922B1F38C0008FA8BD /* APiManger.swift in Sources */ = {isa = PBXBuildFile; fileRef = 26FC42912B1F38C0008FA8BD /* APiManger.swift */; };
/* End PBXBuildFile section */

/* Begin PBXFileReference section */
		262965852B7290F700BD1F66 /* LoadingAnimation.swift */ = {isa = PBXFileReference; lastKnownFileType = sourcecode.swift; path = LoadingAnimation.swift; sourceTree = "<group>"; };
		26FC42712B1F331E008FA8BD /* OpenAI.app */ = {isa = PBXFileReference; explicitFileType = wrapper.application; includeInIndex = 0; path = OpenAI.app; sourceTree = BUILT_PRODUCTS_DIR; };
		26FC42742B1F331E008FA8BD /* OpenAIApp.swift */ = {isa = PBXFileReference; lastKnownFileType = sourcecode.swift; path = OpenAIApp.swift; sourceTree = "<group>"; };
		26FC42762B1F331E008FA8BD /* ContentView.swift */ = {isa = PBXFileReference; lastKnownFileType = sourcecode.swift; path = ContentView.swift; sourceTree = "<group>"; };
		26FC42782B1F331F008FA8BD /* Assets.xcassets */ = {isa = PBXFileReference; lastKnownFileType = folder.assetcatalog; path = Assets.xcassets; sourceTree = "<group>"; };
		26FC427B2B1F331F008FA8BD /* Preview Assets.xcassets */ = {isa = PBXFileReference; lastKnownFileType = folder.assetcatalog; path = "Preview Assets.xcassets"; sourceTree = "<group>"; };
		26FC42872B1F3398008FA8BD /* OpenAIViewModel.swift */ = {isa = PBXFileReference; lastKnownFileType = sourcecode.swift; path = OpenAIViewModel.swift; sourceTree = "<group>"; };
		26FC428B2B1F33FA008FA8BD /* AiResponse.swift */ = {isa = PBXFileReference; lastKnownFileType = sourcecode.swift; path = AiResponse.swift; sourceTree = "<group>"; };
		26FC428F2B1F35AA008FA8BD /* RequestDataModel.swift */ = {isa = PBXFileReference; lastKnownFileType = sourcecode.swift; path = RequestDataModel.swift; sourceTree = "<group>"; };
		26FC42912B1F38C0008FA8BD /* APiManger.swift */ = {isa = PBXFileReference; lastKnownFileType = sourcecode.swift; path = APiManger.swift; sourceTree = "<group>"; };
/* End PBXFileReference section */

/* Begin PBXFrameworksBuildPhase section */
		26FC426E2B1F331E008FA8BD /* Frameworks */ = {
			isa = PBXFrameworksBuildPhase;
			buildActionMask = 2147483647;
			files = (
			);
			runOnlyForDeploymentPostprocessing = 0;
		};
/* End PBXFrameworksBuildPhase section */

/* Begin PBXGroup section */
		26FC42682B1F331D008FA8BD = {
			isa = PBXGroup;
			children = (
				26FC42732B1F331E008FA8BD /* OpenAI */,
				26FC42722B1F331E008FA8BD /* Products */,
			);
			sourceTree = "<group>";
		};
		26FC42722B1F331E008FA8BD /* Products */ = {
			isa = PBXGroup;
			children = (
				26FC42712B1F331E008FA8BD /* OpenAI.app */,
			);
			name = Products;
			sourceTree = "<group>";
		};
		26FC42732B1F331E008FA8BD /* OpenAI */ = {
			isa = PBXGroup;
			children = (
				26FC42742B1F331E008FA8BD /* OpenAIApp.swift */,
				26FC42832B1F3333008FA8BD /* Model */,
				26FC42842B1F333F008FA8BD /* ViewModel */,
				26FC42822B1F3329008FA8BD /* Views */,
				26FC42782B1F331F008FA8BD /* Assets.xcassets */,
				26FC427A2B1F331F008FA8BD /* Preview Content */,
			);
			path = OpenAI;
			sourceTree = "<group>";
		};
		26FC427A2B1F331F008FA8BD /* Preview Content */ = {
			isa = PBXGroup;
			children = (
				26FC427B2B1F331F008FA8BD /* Preview Assets.xcassets */,
			);
			path = "Preview Content";
			sourceTree = "<group>";
		};
		26FC42822B1F3329008FA8BD /* Views */ = {
			isa = PBXGroup;
			children = (
				26FC42762B1F331E008FA8BD /* ContentView.swift */,
				262965852B7290F700BD1F66 /* LoadingAnimation.swift */,
			);
			path = Views;
			sourceTree = "<group>";
		};
		26FC42832B1F3333008FA8BD /* Model */ = {
			isa = PBXGroup;
			children = (
				26FC42912B1F38C0008FA8BD /* APiManger.swift */,
				26FC42932B1F38C4008FA8BD /* DataModel */,
			);
			path = Model;
			sourceTree = "<group>";
		};
		26FC42842B1F333F008FA8BD /* ViewModel */ = {
			isa = PBXGroup;
			children = (
				26FC42872B1F3398008FA8BD /* OpenAIViewModel.swift */,
			);
			path = ViewModel;
			sourceTree = "<group>";
		};
		26FC42932B1F38C4008FA8BD /* DataModel */ = {
			isa = PBXGroup;
			children = (
				26FC428B2B1F33FA008FA8BD /* AiResponse.swift */,
				26FC428F2B1F35AA008FA8BD /* RequestDataModel.swift */,
			);
			path = DataModel;
			sourceTree = "<group>";
		};
/* End PBXGroup section */

/* Begin PBXNativeTarget section */
		26FC42702B1F331E008FA8BD /* OpenAI */ = {
			isa = PBXNativeTarget;
			buildConfigurationList = 26FC427F2B1F331F008FA8BD /* Build configuration list for PBXNativeTarget "OpenAI" */;
			buildPhases = (
				26FC426D2B1F331E008FA8BD /* Sources */,
				26FC426E2B1F331E008FA8BD /* Frameworks */,
				26FC426F2B1F331E008FA8BD /* Resources */,
			);
			buildRules = (
			);
			dependencies = (
			);
			name = OpenAI;
			productName = OpenAI;
			productReference = 26FC42712B1F331E008FA8BD /* OpenAI.app */;
			productType = "com.apple.product-type.application";
		};
/* End PBXNativeTarget section */

/* Begin PBXProject section */
		26FC42692B1F331D008FA8BD /* Project object */ = {
			isa = PBXProject;
			attributes = {
				BuildIndependentTargetsInParallel = 1;
				LastSwiftUpdateCheck = 1500;
				LastUpgradeCheck = 1500;
				TargetAttributes = {
					26FC42702B1F331E008FA8BD = {
						CreatedOnToolsVersion = 15.0.1;
					};
				};
			};
			buildConfigurationList = 26FC426C2B1F331E008FA8BD /* Build configuration list for PBXProject "OpenAI" */;
			compatibilityVersion = "Xcode 14.0";
			developmentRegion = en;
			hasScannedForEncodings = 0;
			knownRegions = (
				en,
				Base,
			);
			mainGroup = 26FC42682B1F331D008FA8BD;
			productRefGroup = 26FC42722B1F331E008FA8BD /* Products */;
			projectDirPath = "";
			projectRoot = "";
			targets = (
				26FC42702B1F331E008FA8BD /* OpenAI */,
			);
		};
/* End PBXProject section */

/* Begin PBXResourcesBuildPhase section */
		26FC426F2B1F331E008FA8BD /* Resources */ = {
			isa = PBXResourcesBuildPhase;
			buildActionMask = 2147483647;
			files = (
				26FC427C2B1F331F008FA8BD /* Preview Assets.xcassets in Resources */,
				26FC42792B1F331F008FA8BD /* Assets.xcassets in Resources */,
			);
			runOnlyForDeploymentPostprocessing = 0;
		};
/* End PBXResourcesBuildPhase section */

/* Begin PBXSourcesBuildPhase section */
		26FC426D2B1F331E008FA8BD /* Sources */ = {
			isa = PBXSourcesBuildPhase;
			buildActionMask = 2147483647;
			files = (
				26FC42902B1F35AA008FA8BD /* RequestDataModel.swift in Sources */,
				26FC42772B1F331E008FA8BD /* ContentView.swift in Sources */,
				262965862B7290F700BD1F66 /* LoadingAnimation.swift in Sources */,
				26FC42922B1F38C0008FA8BD /* APiManger.swift in Sources */,
				26FC428C2B1F33FA008FA8BD /* AiResponse.swift in Sources */,
				26FC42882B1F3398008FA8BD /* OpenAIViewModel.swift in Sources */,
				26FC42752B1F331E008FA8BD /* OpenAIApp.swift in Sources */,
			);
			runOnlyForDeploymentPostprocessing = 0;
		};
/* End PBXSourcesBuildPhase section */

/* Begin XCBuildConfiguration section */
		26FC427D2B1F331F008FA8BD /* Debug */ = {
			isa = XCBuildConfiguration;
			buildSettings = {
				ALWAYS_SEARCH_USER_PATHS = NO;
				ASSETCATALOG_COMPILER_GENERATE_SWIFT_ASSET_SYMBOL_EXTENSIONS = YES;
				CLANG_ANALYZER_NONNULL = YES;
				CLANG_ANALYZER_NUMBER_OBJECT_CONVERSION = YES_AGGRESSIVE;
				CLANG_CXX_LANGUAGE_STANDARD = "gnu++20";
				CLANG_ENABLE_MODULES = YES;
				CLANG_ENABLE_OBJC_ARC = YES;
				CLANG_ENABLE_OBJC_WEAK = YES;
				CLANG_WARN_BLOCK_CAPTURE_AUTORELEASING = YES;
				CLANG_WARN_BOOL_CONVERSION = YES;
				CLANG_WARN_COMMA = YES;
				CLANG_WARN_CONSTANT_CONVERSION = YES;
				CLANG_WARN_DEPRECATED_OBJC_IMPLEMENTATIONS = YES;
				CLANG_WARN_DIRECT_OBJC_ISA_USAGE = YES_ERROR;
				CLANG_WARN_DOCUMENTATION_COMMENTS = YES;
				CLANG_WARN_EMPTY_BODY = YES;
				CLANG_WARN_ENUM_CONVERSION = YES;
				CLANG_WARN_INFINITE_RECURSION = YES;
				CLANG_WARN_INT_CONVERSION = YES;
				CLANG_WARN_NON_LITERAL_NULL_CONVERSION = YES;
				CLANG_WARN_OBJC_IMPLICIT_RETAIN_SELF = YES;
				CLANG_WARN_OBJC_LITERAL_CONVERSION = YES;
				CLANG_WARN_OBJC_ROOT_CLASS = YES_ERROR;
				CLANG_WARN_QUOTED_INCLUDE_IN_FRAMEWORK_HEADER = YES;
				CLANG_WARN_RANGE_LOOP_ANALYSIS = YES;
				CLANG_WARN_STRICT_PROTOTYPES = YES;
				CLANG_WARN_SUSPICIOUS_MOVE = YES;
				CLANG_WARN_UNGUARDED_AVAILABILITY = YES_AGGRESSIVE;
				CLANG_WARN_UNREACHABLE_CODE = YES;
				CLANG_WARN__DUPLICATE_METHOD_MATCH = YES;
				COPY_PHASE_STRIP = NO;
				DEBUG_INFORMATION_FORMAT = dwarf;
				ENABLE_STRICT_OBJC_MSGSEND = YES;
				ENABLE_TESTABILITY = YES;
				ENABLE_USER_SCRIPT_SANDBOXING = YES;
				GCC_C_LANGUAGE_STANDARD = gnu17;
				GCC_DYNAMIC_NO_PIC = NO;
				GCC_NO_COMMON_BLOCKS = YES;
				GCC_OPTIMIZATION_LEVEL = 0;
				GCC_PREPROCESSOR_DEFINITIONS = (
					"DEBUG=1",
					"$(inherited)",
				);
				GCC_WARN_64_TO_32_BIT_CONVERSION = YES;
				GCC_WARN_ABOUT_RETURN_TYPE = YES_ERROR;
				GCC_WARN_UNDECLARED_SELECTOR = YES;
				GCC_WARN_UNINITIALIZED_AUTOS = YES_AGGRESSIVE;
				GCC_WARN_UNUSED_FUNCTION = YES;
				GCC_WARN_UNUSED_VARIABLE = YES;
				IPHONEOS_DEPLOYMENT_TARGET = 17.0;
				LOCALIZATION_PREFERS_STRING_CATALOGS = YES;
				MTL_ENABLE_DEBUG_INFO = INCLUDE_SOURCE;
				MTL_FAST_MATH = YES;
				ONLY_ACTIVE_ARCH = YES;
				SDKROOT = iphoneos;
				SWIFT_ACTIVE_COMPILATION_CONDITIONS = "DEBUG $(inherited)";
				SWIFT_OPTIMIZATION_LEVEL = "-Onone";
			};
			name = Debug;
		};
		26FC427E2B1F331F008FA8BD /* Release */ = {
			isa = XCBuildConfiguration;
			buildSettings = {
				ALWAYS_SEARCH_USER_PATHS = NO;
				ASSETCATALOG_COMPILER_GENERATE_SWIFT_ASSET_SYMBOL_EXTENSIONS = YES;
				CLANG_ANALYZER_NONNULL = YES;
				CLANG_ANALYZER_NUMBER_OBJECT_CONVERSION = YES_AGGRESSIVE;
				CLANG_CXX_LANGUAGE_STANDARD = "gnu++20";
				CLANG_ENABLE_MODULES = YES;
				CLANG_ENABLE_OBJC_ARC = YES;
				CLANG_ENABLE_OBJC_WEAK = YES;
				CLANG_WARN_BLOCK_CAPTURE_AUTORELEASING = YES;
				CLANG_WARN_BOOL_CONVERSION = YES;
				CLANG_WARN_COMMA = YES;
				CLANG_WARN_CONSTANT_CONVERSION = YES;
				CLANG_WARN_DEPRECATED_OBJC_IMPLEMENTATIONS = YES;
				CLANG_WARN_DIRECT_OBJC_ISA_USAGE = YES_ERROR;
				CLANG_WARN_DOCUMENTATION_COMMENTS = YES;
				CLANG_WARN_EMPTY_BODY = YES;
				CLANG_WARN_ENUM_CONVERSION = YES;
				CLANG_WARN_INFINITE_RECURSION = YES;
				CLANG_WARN_INT_CONVERSION = YES;
				CLANG_WARN_NON_LITERAL_NULL_CONVERSION = YES;
				CLANG_WARN_OBJC_IMPLICIT_RETAIN_SELF = YES;
				CLANG_WARN_OBJC_LITERAL_CONVERSION = YES;
				CLANG_WARN_OBJC_ROOT_CLASS = YES_ERROR;
				CLANG_WARN_QUOTED_INCLUDE_IN_FRAMEWORK_HEADER = YES;
				CLANG_WARN_RANGE_LOOP_ANALYSIS = YES;
				CLANG_WARN_STRICT_PROTOTYPES = YES;
				CLANG_WARN_SUSPICIOUS_MOVE = YES;
				CLANG_WARN_UNGUARDED_AVAILABILITY = YES_AGGRESSIVE;
				CLANG_WARN_UNREACHABLE_CODE = YES;
				CLANG_WARN__DUPLICATE_METHOD_MATCH = YES;
				COPY_PHASE_STRIP = NO;
				DEBUG_INFORMATION_FORMAT = "dwarf-with-dsym";
				ENABLE_NS_ASSERTIONS = NO;
				ENABLE_STRICT_OBJC_MSGSEND = YES;
				ENABLE_USER_SCRIPT_SANDBOXING = YES;
				GCC_C_LANGUAGE_STANDARD = gnu17;
				GCC_NO_COMMON_BLOCKS = YES;
				GCC_WARN_64_TO_32_BIT_CONVERSION = YES;
				GCC_WARN_ABOUT_RETURN_TYPE = YES_ERROR;
				GCC_WARN_UNDECLARED_SELECTOR = YES;
				GCC_WARN_UNINITIALIZED_AUTOS = YES_AGGRESSIVE;
				GCC_WARN_UNUSED_FUNCTION = YES;
				GCC_WARN_UNUSED_VARIABLE = YES;
				IPHONEOS_DEPLOYMENT_TARGET = 17.0;
				LOCALIZATION_PREFERS_STRING_CATALOGS = YES;
				MTL_ENABLE_DEBUG_INFO = NO;
				MTL_FAST_MATH = YES;
				SDKROOT = iphoneos;
				SWIFT_COMPILATION_MODE = wholemodule;
				VALIDATE_PRODUCT = YES;
			};
			name = Release;
		};
		26FC42802B1F331F008FA8BD /* Debug */ = {
			isa = XCBuildConfiguration;
			buildSettings = {
				ASSETCATALOG_COMPILER_APPICON_NAME = AppIcon;
				ASSETCATALOG_COMPILER_GLOBAL_ACCENT_COLOR_NAME = AccentColor;
				CODE_SIGN_IDENTITY = "Apple Development";
				"CODE_SIGN_IDENTITY[sdk=iphoneos*]" = "iPhone Developer";
				CODE_SIGN_STYLE = Manual;
				CURRENT_PROJECT_VERSION = 1;
				DEVELOPMENT_ASSET_PATHS = "\"OpenAI/Preview Content\"";
				DEVELOPMENT_TEAM = "";
				"DEVELOPMENT_TEAM[sdk=iphoneos*]" = 9PYC9KWKRS;
				ENABLE_PREVIEWS = YES;
				GENERATE_INFOPLIST_FILE = YES;
				INFOPLIST_KEY_UIApplicationSceneManifest_Generation = YES;
				INFOPLIST_KEY_UIApplicationSupportsIndirectInputEvents = YES;
				INFOPLIST_KEY_UILaunchScreen_Generation = YES;
				INFOPLIST_KEY_UISupportedInterfaceOrientations_iPad = "UIInterfaceOrientationPortrait UIInterfaceOrientationPortraitUpsideDown UIInterfaceOrientationLandscapeLeft UIInterfaceOrientationLandscapeRight";
				INFOPLIST_KEY_UISupportedInterfaceOrientations_iPhone = "UIInterfaceOrientationPortrait UIInterfaceOrientationLandscapeLeft UIInterfaceOrientationLandscapeRight";
				LD_RUNPATH_SEARCH_PATHS = (
					"$(inherited)",
					"@executable_path/Frameworks",
				);
				MARKETING_VERSION = 1.0;
				PRODUCT_BUNDLE_IDENTIFIER = com.deveagency.OpenAI;
				PRODUCT_NAME = "$(TARGET_NAME)";
				PROVISIONING_PROFILE_SPECIFIER = "";
				"PROVISIONING_PROFILE_SPECIFIER[sdk=iphoneos*]" = "Eng.Omar Elsayed";
				SWIFT_EMIT_LOC_STRINGS = YES;
				SWIFT_VERSION = 5.0;
				TARGETED_DEVICE_FAMILY = "1,2";
			};
			name = Debug;
		};
		26FC42812B1F331F008FA8BD /* Release */ = {
			isa = XCBuildConfiguration;
			buildSettings = {
				ASSETCATALOG_COMPILER_APPICON_NAME = AppIcon;
				ASSETCATALOG_COMPILER_GLOBAL_ACCENT_COLOR_NAME = AccentColor;
				CODE_SIGN_IDENTITY = "Apple Development";
				"CODE_SIGN_IDENTITY[sdk=iphoneos*]" = "iPhone Developer";
				CODE_SIGN_STYLE = Manual;
				CURRENT_PROJECT_VERSION = 1;
				DEVELOPMENT_ASSET_PATHS = "\"OpenAI/Preview Content\"";
				DEVELOPMENT_TEAM = "";
				"DEVELOPMENT_TEAM[sdk=iphoneos*]" = 9PYC9KWKRS;
				ENABLE_PREVIEWS = YES;
				GENERATE_INFOPLIST_FILE = YES;
				INFOPLIST_KEY_UIApplicationSceneManifest_Generation = YES;
				INFOPLIST_KEY_UIApplicationSupportsIndirectInputEvents = YES;
				INFOPLIST_KEY_UILaunchScreen_Generation = YES;
				INFOPLIST_KEY_UISupportedInterfaceOrientations_iPad = "UIInterfaceOrientationPortrait UIInterfaceOrientationPortraitUpsideDown UIInterfaceOrientationLandscapeLeft UIInterfaceOrientationLandscapeRight";
				INFOPLIST_KEY_UISupportedInterfaceOrientations_iPhone = "UIInterfaceOrientationPortrait UIInterfaceOrientationLandscapeLeft UIInterfaceOrientationLandscapeRight";
				LD_RUNPATH_SEARCH_PATHS = (
					"$(inherited)",
					"@executable_path/Frameworks",
				);
				MARKETING_VERSION = 1.0;
				PRODUCT_BUNDLE_IDENTIFIER = com.deveagency.OpenAI;
				PRODUCT_NAME = "$(TARGET_NAME)";
				PROVISIONING_PROFILE_SPECIFIER = "";
				"PROVISIONING_PROFILE_SPECIFIER[sdk=iphoneos*]" = "Eng.Omar Elsayed";
				SWIFT_EMIT_LOC_STRINGS = YES;
				SWIFT_VERSION = 5.0;
				TARGETED_DEVICE_FAMILY = "1,2";
			};
			name = Release;
		};
/* End XCBuildConfiguration section */

/* Begin XCConfigurationList section */
		26FC426C2B1F331E008FA8BD /* Build configuration list for PBXProject "OpenAI" */ = {
			isa = XCConfigurationList;
			buildConfigurations = (
				26FC427D2B1F331F008FA8BD /* Debug */,
				26FC427E2B1F331F008FA8BD /* Release */,
			);
			defaultConfigurationIsVisible = 0;
			defaultConfigurationName = Release;
		};
		26FC427F2B1F331F008FA8BD /* Build configuration list for PBXNativeTarget "OpenAI" */ = {
			isa = XCConfigurationList;
			buildConfigurations = (
				26FC42802B1F331F008FA8BD /* Debug */,
				26FC42812B1F331F008FA8BD /* Release */,
			);
			defaultConfigurationIsVisible = 0;
			defaultConfigurationName = Release;
		};
/* End XCConfigurationList section */
	};
	rootObject = 26FC42692B1F331D008FA8BD /* Project object */;
}
